
Microsoft Visual Studio Solution File, Format Version 12.00
# Visual Studio Version 17
VisualStudioVersion = 17.3.32505.426
MinimumVisualStudioVersion = 10.0.40219.1
Project("{FAE04EC0-301F-11D3-BF4B-00C04F79EFBC}") = "UI", "UI\UI.csproj", "{539D1C84-61ED-405B-A515-BEBA8AA7D679}"
EndProject
Project("{FAE04EC0-301F-11D3-BF4B-00C04F79EFBC}") = "API", "API\API.csproj", "{8AFAF93E-A0FC-4CA7-AB77-7D1D4778542C}"
EndProject
Project("{FAE04EC0-301F-11D3-BF4B-00C04F79EFBC}") = "Models", "Models\Models.csproj", "{7770D31A-59DA-4548-9137-49E8D5BAEEFB}"
EndProject
Project("{FAE04EC0-301F-11D3-BF4B-00C04F79EFBC}") = "Tests", "Tests\Tests.csproj", "{0F25E183-77A4-4078-8336-E20321691111}"
EndProject
Project("{00D1A9C2-B5F0-4AF3-8072-F6C62B433612}") = "MSSQL Database", "MSSQL Database\MSSQL Database.sqlproj", "{9BB546E1-AD67-4D44-AD99-8F8DED1775EE}"
EndProject
Global
	GlobalSection(SolutionConfigurationPlatforms) = preSolution
		Debug|Any CPU = Debug|Any CPU
		Release|Any CPU = Release|Any CPU
	EndGlobalSection
	GlobalSection(ProjectConfigurationPlatforms) = postSolution
		{539D1C84-61ED-405B-A515-BEBA8AA7D679}.Debug|Any CPU.ActiveCfg = Debug|Any CPU
		{539D1C84-61ED-405B-A515-BEBA8AA7D679}.Debug|Any CPU.Build.0 = Debug|Any CPU
		{539D1C84-61ED-405B-A515-BEBA8AA7D679}.Release|Any CPU.ActiveCfg = Release|Any CPU
		{539D1C84-61ED-405B-A515-BEBA8AA7D679}.Release|Any CPU.Build.0 = Release|Any CPU
		{8AFAF93E-A0FC-4CA7-AB77-7D1D4778542C}.Debug|Any CPU.ActiveCfg = Debug|Any CPU
		{8AFAF93E-A0FC-4CA7-AB77-7D1D4778542C}.Debug|Any CPU.Build.0 = Debug|Any CPU
		{8AFAF93E-A0FC-4CA7-AB77-7D1D4778542C}.Release|Any CPU.ActiveCfg = Release|Any CPU
		{8AFAF93E-A0FC-4CA7-AB77-7D1D4778542C}.Release|Any CPU.Build.0 = Release|Any CPU
		{7770D31A-59DA-4548-9137-49E8D5BAEEFB}.Debug|Any CPU.ActiveCfg = Debug|Any CPU
		{7770D31A-59DA-4548-9137-49E8D5BAEEFB}.Debug|Any CPU.Build.0 = Debug|Any CPU
		{7770D31A-59DA-4548-9137-49E8D5BAEEFB}.Release|Any CPU.ActiveCfg = Release|Any CPU
		{7770D31A-59DA-4548-9137-49E8D5BAEEFB}.Release|Any CPU.Build.0 = Release|Any CPU
		{0F25E183-77A4-4078-8336-E20321691111}.Debug|Any CPU.ActiveCfg = Debug|Any CPU
		{0F25E183-77A4-4078-8336-E20321691111}.Debug|Any CPU.Build.0 = Debug|Any CPU
		{0F25E183-77A4-4078-8336-E20321691111}.Release|Any CPU.ActiveCfg = Release|Any CPU
		{0F25E183-77A4-4078-8336-E20321691111}.Release|Any CPU.Build.0 = Release|Any CPU
		{9BB546E1-AD67-4D44-AD99-8F8DED1775EE}.Debug|Any CPU.ActiveCfg = Debug|Any CPU
		{9BB546E1-AD67-4D44-AD99-8F8DED1775EE}.Debug|Any CPU.Build.0 = Debug|Any CPU
		{9BB546E1-AD67-4D44-AD99-8F8DED1775EE}.Debug|Any CPU.Deploy.0 = Debug|Any CPU
		{9BB546E1-AD67-4D44-AD99-8F8DED1775EE}.Release|Any CPU.ActiveCfg = Release|Any CPU
		{9BB546E1-AD67-4D44-AD99-8F8DED1775EE}.Release|Any CPU.Build.0 = Release|Any CPU
		{9BB546E1-AD67-4D44-AD99-8F8DED1775EE}.Release|Any CPU.Deploy.0 = Release|Any CPU
	EndGlobalSection
	GlobalSection(SolutionProperties) = preSolution
		HideSolutionNode = FALSE
	EndGlobalSection
	GlobalSection(ExtensibilityGlobals) = postSolution
		SolutionGuid = {A5BDA606-7C40-4ECC-A380-7357539F5D00}
	EndGlobalSection
EndGlobal
